# This file is automatically @generated by Cargo.
# It is not intended for manual editing.
[[package]]
name = "base32"
version = "0.4.0"
source = "registry+https://github.com/rust-lang/crates.io-index"
checksum = "23ce669cd6c8588f79e15cf450314f9638f967fc5770ff1c7c1deb0925ea7cfa"

[[package]]
name = "base64"
version = "0.13.0"
source = "registry+https://github.com/rust-lang/crates.io-index"
checksum = "904dfeac50f3cdaba28fc6f57fdcddb75f49ed61346676a78c4ffe55877802fd"

[[package]]
name = "base64-url"
version = "1.4.8"
source = "registry+https://github.com/rust-lang/crates.io-index"
checksum = "c8a7558a139be0909d407d70873248681e70bac73595c3ded9dba98a625c8acb"
dependencies = [
 "base64",
]

[[package]]
name = "client"
version = "0.1.0"
dependencies = [
 "short-crypt",
]

[[package]]
name = "crc-any"
version = "2.3.5"
source = "registry+https://github.com/rust-lang/crates.io-index"
checksum = "c3784befdf9469f4d51c69ef0b774f6a99de6bcc655285f746f16e0dd63d9007"
dependencies = [
 "debug-helper",
]

[[package]]
name = "debug-helper"
version = "0.3.10"
source = "registry+https://github.com/rust-lang/crates.io-index"
checksum = "9a8a5bb894f24f42c247f19b25928a88e31867c0f84552c05df41a9dd527435e"

[[package]]
name = "short-crypt"
version = "1.0.23"
source = "registry+https://github.com/rust-lang/crates.io-index"
checksum = "2f5faee42832bc8f15ed9106c9e1475d7e6bf698c4a3012f2e77b251c9833b4a"
dependencies = [
 "base32",
 "base64-url",
 "crc-any",
 "debug-helper",
]
